
Microsoft Visual Studio Solution File, Format Version 12.00
# Visual Studio Version 17
VisualStudioVersion = 17.3.32929.385
MinimumVisualStudioVersion = 10.0.40219.1
Project("{E53339B2-1760-4266-BCC7-CA923CBCF16C}") = "docker-compose", "docker-compose.dcproj", "{C649A4C9-2FF3-4638-8300-18387B0D38D3}"
EndProject
Project("{2150E333-8FDC-42A3-9474-1A3956D46DE8}") = "Services", "Services", "{0BDEDEBC-B261-4405-8731-CD237556A0F4}"
EndProject
Project("{2150E333-8FDC-42A3-9474-1A3956D46DE8}") = "Basket", "Basket", "{761789EF-6B69-4686-BDC8-BB7424F8E11A}"
EndProject
Project("{9A19103F-16F7-4668-BE54-9A1E7A4F7556}") = "Basket.API", "Services\Basket\Basket.API\Basket.API.csproj", "{9E6A1296-B0F3-49BE-B562-37909D29CF32}"
EndProject
Project("{2150E333-8FDC-42A3-9474-1A3956D46DE8}") = "Catalog", "Catalog", "{E5E4287C-E136-42C3-B44F-D6D2CAB3BB32}"
EndProject
Project("{9A19103F-16F7-4668-BE54-9A1E7A4F7556}") = "Catalog.API", "Services\Catalog\Catalog.API\Catalog.API.csproj", "{FF4D64D5-A4D0-4766-8474-9302BD7BC564}"
EndProject
Project("{2150E333-8FDC-42A3-9474-1A3956D46DE8}") = "Discount", "Discount", "{D837DB72-66D1-4DB6-A98B-36B51C487AD6}"
EndProject
Project("{9A19103F-16F7-4668-BE54-9A1E7A4F7556}") = "Discount.API", "Services\Discount\Discount.API\Discount.API.csproj", "{0B817721-45D4-424A-8BD0-149D3E27BAA2}"
EndProject
Project("{9A19103F-16F7-4668-BE54-9A1E7A4F7556}") = "Discount.Grpc", "Services\Discount\Discount.Grpc\Discount.Grpc.csproj", "{1F175475-80F9-48A0-976B-E64E5D70846E}"
EndProject
Project("{2150E333-8FDC-42A3-9474-1A3956D46DE8}") = "Ordering", "Ordering", "{3B702F03-7BB6-4308-B175-E2FA34236AB9}"
EndProject
Project("{9A19103F-16F7-4668-BE54-9A1E7A4F7556}") = "Ordering.API", "Services\Ordering\Ordering.API\Ordering.API.csproj", "{8BE90803-4E89-4C31-866D-8F555A0F5DBB}"
EndProject
Project("{FAE04EC0-301F-11D3-BF4B-00C04F79EFBC}") = "Ordering.Domain", "Services\Ordering\Ordering.Domain\Ordering.Domain.csproj", "{72E516EC-FDF9-42B3-B188-3FFF9BDA94D0}"
EndProject
Project("{FAE04EC0-301F-11D3-BF4B-00C04F79EFBC}") = "Ordering.Application", "Services\Ordering\Ordering.Application\Ordering.Application.csproj", "{962D0C70-CEF4-404C-A3F4-5A1A764B600D}"
EndProject
Project("{FAE04EC0-301F-11D3-BF4B-00C04F79EFBC}") = "Ordering.Infrastructure", "Services\Ordering\Ordering.Infrastructure\Ordering.Infrastructure.csproj", "{EC1F6824-1DC5-43D2-834E-CD5B31A2B47D}"
EndProject
Project("{2150E333-8FDC-42A3-9474-1A3956D46DE8}") = "BuildingBlocks", "BuildingBlocks", "{35CADA64-DD75-4B8B-8DF5-E52E68C1D692}"
EndProject
Project("{FAE04EC0-301F-11D3-BF4B-00C04F79EFBC}") = "EventBus.Messages", "BuildingBlocks\EventBus.Messages\EventBus.Messages.csproj", "{C82FFA21-610D-4D4A-AF73-719513197681}"
EndProject
Global
	GlobalSection(SolutionConfigurationPlatforms) = preSolution
		Debug|Any CPU = Debug|Any CPU
		Release|Any CPU = Release|Any CPU
	EndGlobalSection
	GlobalSection(ProjectConfigurationPlatforms) = postSolution
		{C649A4C9-2FF3-4638-8300-18387B0D38D3}.Debug|Any CPU.ActiveCfg = Debug|Any CPU
		{C649A4C9-2FF3-4638-8300-18387B0D38D3}.Debug|Any CPU.Build.0 = Debug|Any CPU
		{C649A4C9-2FF3-4638-8300-18387B0D38D3}.Release|Any CPU.ActiveCfg = Release|Any CPU
		{C649A4C9-2FF3-4638-8300-18387B0D38D3}.Release|Any CPU.Build.0 = Release|Any CPU
		{9E6A1296-B0F3-49BE-B562-37909D29CF32}.Debug|Any CPU.ActiveCfg = Debug|Any CPU
		{9E6A1296-B0F3-49BE-B562-37909D29CF32}.Debug|Any CPU.Build.0 = Debug|Any CPU
		{9E6A1296-B0F3-49BE-B562-37909D29CF32}.Release|Any CPU.ActiveCfg = Release|Any CPU
		{9E6A1296-B0F3-49BE-B562-37909D29CF32}.Release|Any CPU.Build.0 = Release|Any CPU
		{FF4D64D5-A4D0-4766-8474-9302BD7BC564}.Debug|Any CPU.ActiveCfg = Debug|Any CPU
		{FF4D64D5-A4D0-4766-8474-9302BD7BC564}.Debug|Any CPU.Build.0 = Debug|Any CPU
		{FF4D64D5-A4D0-4766-8474-9302BD7BC564}.Release|Any CPU.ActiveCfg = Release|Any CPU
		{FF4D64D5-A4D0-4766-8474-9302BD7BC564}.Release|Any CPU.Build.0 = Release|Any CPU
		{0B817721-45D4-424A-8BD0-149D3E27BAA2}.Debug|Any CPU.ActiveCfg = Debug|Any CPU
		{0B817721-45D4-424A-8BD0-149D3E27BAA2}.Debug|Any CPU.Build.0 = Debug|Any CPU
		{0B817721-45D4-424A-8BD0-149D3E27BAA2}.Release|Any CPU.ActiveCfg = Release|Any CPU
		{0B817721-45D4-424A-8BD0-149D3E27BAA2}.Release|Any CPU.Build.0 = Release|Any CPU
		{1F175475-80F9-48A0-976B-E64E5D70846E}.Debug|Any CPU.ActiveCfg = Debug|Any CPU
		{1F175475-80F9-48A0-976B-E64E5D70846E}.Debug|Any CPU.Build.0 = Debug|Any CPU
		{1F175475-80F9-48A0-976B-E64E5D70846E}.Release|Any CPU.ActiveCfg = Release|Any CPU
		{1F175475-80F9-48A0-976B-E64E5D70846E}.Release|Any CPU.Build.0 = Release|Any CPU
		{8BE90803-4E89-4C31-866D-8F555A0F5DBB}.Debug|Any CPU.ActiveCfg = Debug|Any CPU
		{8BE90803-4E89-4C31-866D-8F555A0F5DBB}.Debug|Any CPU.Build.0 = Debug|Any CPU
		{8BE90803-4E89-4C31-866D-8F555A0F5DBB}.Release|Any CPU.ActiveCfg = Release|Any CPU
		{8BE90803-4E89-4C31-866D-8F555A0F5DBB}.Release|Any CPU.Build.0 = Release|Any CPU
		{72E516EC-FDF9-42B3-B188-3FFF9BDA94D0}.Debug|Any CPU.ActiveCfg = Debug|Any CPU
		{72E516EC-FDF9-42B3-B188-3FFF9BDA94D0}.Debug|Any CPU.Build.0 = Debug|Any CPU
		{72E516EC-FDF9-42B3-B188-3FFF9BDA94D0}.Release|Any CPU.ActiveCfg = Release|Any CPU
		{72E516EC-FDF9-42B3-B188-3FFF9BDA94D0}.Release|Any CPU.Build.0 = Release|Any CPU
		{962D0C70-CEF4-404C-A3F4-5A1A764B600D}.Debug|Any CPU.ActiveCfg = Debug|Any CPU
		{962D0C70-CEF4-404C-A3F4-5A1A764B600D}.Debug|Any CPU.Build.0 = Debug|Any CPU
		{962D0C70-CEF4-404C-A3F4-5A1A764B600D}.Release|Any CPU.ActiveCfg = Release|Any CPU
		{962D0C70-CEF4-404C-A3F4-5A1A764B600D}.Release|Any CPU.Build.0 = Release|Any CPU
		{EC1F6824-1DC5-43D2-834E-CD5B31A2B47D}.Debug|Any CPU.ActiveCfg = Debug|Any CPU
		{EC1F6824-1DC5-43D2-834E-CD5B31A2B47D}.Debug|Any CPU.Build.0 = Debug|Any CPU
		{EC1F6824-1DC5-43D2-834E-CD5B31A2B47D}.Release|Any CPU.ActiveCfg = Release|Any CPU
		{EC1F6824-1DC5-43D2-834E-CD5B31A2B47D}.Release|Any CPU.Build.0 = Release|Any CPU
		{C82FFA21-610D-4D4A-AF73-719513197681}.Debug|Any CPU.ActiveCfg = Debug|Any CPU
		{C82FFA21-610D-4D4A-AF73-719513197681}.Debug|Any CPU.Build.0 = Debug|Any CPU
		{C82FFA21-610D-4D4A-AF73-719513197681}.Release|Any CPU.ActiveCfg = Release|Any CPU
		{C82FFA21-610D-4D4A-AF73-719513197681}.Release|Any CPU.Build.0 = Release|Any CPU
	EndGlobalSection
	GlobalSection(SolutionProperties) = preSolution
		HideSolutionNode = FALSE
	EndGlobalSection
	GlobalSection(NestedProjects) = preSolution
		{761789EF-6B69-4686-BDC8-BB7424F8E11A} = {0BDEDEBC-B261-4405-8731-CD237556A0F4}
		{9E6A1296-B0F3-49BE-B562-37909D29CF32} = {761789EF-6B69-4686-BDC8-BB7424F8E11A}
		{E5E4287C-E136-42C3-B44F-D6D2CAB3BB32} = {0BDEDEBC-B261-4405-8731-CD237556A0F4}
		{FF4D64D5-A4D0-4766-8474-9302BD7BC564} = {E5E4287C-E136-42C3-B44F-D6D2CAB3BB32}
		{D837DB72-66D1-4DB6-A98B-36B51C487AD6} = {0BDEDEBC-B261-4405-8731-CD237556A0F4}
		{0B817721-45D4-424A-8BD0-149D3E27BAA2} = {D837DB72-66D1-4DB6-A98B-36B51C487AD6}
		{1F175475-80F9-48A0-976B-E64E5D70846E} = {D837DB72-66D1-4DB6-A98B-36B51C487AD6}
		{3B702F03-7BB6-4308-B175-E2FA34236AB9} = {0BDEDEBC-B261-4405-8731-CD237556A0F4}
		{8BE90803-4E89-4C31-866D-8F555A0F5DBB} = {3B702F03-7BB6-4308-B175-E2FA34236AB9}
		{72E516EC-FDF9-42B3-B188-3FFF9BDA94D0} = {3B702F03-7BB6-4308-B175-E2FA34236AB9}
		{962D0C70-CEF4-404C-A3F4-5A1A764B600D} = {3B702F03-7BB6-4308-B175-E2FA34236AB9}
		{EC1F6824-1DC5-43D2-834E-CD5B31A2B47D} = {3B702F03-7BB6-4308-B175-E2FA34236AB9}
		{C82FFA21-610D-4D4A-AF73-719513197681} = {35CADA64-DD75-4B8B-8DF5-E52E68C1D692}
	EndGlobalSection
	GlobalSection(ExtensibilityGlobals) = postSolution
		SolutionGuid = {B5F42066-BC6B-464B-AAFA-64253210644E}
	EndGlobalSection
EndGlobal
