
Microsoft Visual Studio Solution File, Format Version 12.00
# Visual Studio Version 17
VisualStudioVersion = 17.3.32929.385
MinimumVisualStudioVersion = 10.0.40219.1
Project("{9A19103F-16F7-4668-BE54-9A1E7A4F7556}") = "Basket.API", "Services\Basket\Basket.API\Basket.API.csproj", "{F56CC65E-EF3F-413F-A4D0-200FBDAF0CF2}"
EndProject
Project("{E53339B2-1760-4266-BCC7-CA923CBCF16C}") = "docker-compose", "docker-compose.dcproj", "{C649A4C9-2FF3-4638-8300-18387B0D38D3}"
EndProject
Global
	GlobalSection(SolutionConfigurationPlatforms) = preSolution
		Debug|Any CPU = Debug|Any CPU
		Release|Any CPU = Release|Any CPU
	EndGlobalSection
	GlobalSection(ProjectConfigurationPlatforms) = postSolution
		{F56CC65E-EF3F-413F-A4D0-200FBDAF0CF2}.Debug|Any CPU.ActiveCfg = Debug|Any CPU
		{F56CC65E-EF3F-413F-A4D0-200FBDAF0CF2}.Debug|Any CPU.Build.0 = Debug|Any CPU
		{F56CC65E-EF3F-413F-A4D0-200FBDAF0CF2}.Release|Any CPU.ActiveCfg = Release|Any CPU
		{F56CC65E-EF3F-413F-A4D0-200FBDAF0CF2}.Release|Any CPU.Build.0 = Release|Any CPU
		{C649A4C9-2FF3-4638-8300-18387B0D38D3}.Debug|Any CPU.ActiveCfg = Debug|Any CPU
		{C649A4C9-2FF3-4638-8300-18387B0D38D3}.Debug|Any CPU.Build.0 = Debug|Any CPU
		{C649A4C9-2FF3-4638-8300-18387B0D38D3}.Release|Any CPU.ActiveCfg = Release|Any CPU
		{C649A4C9-2FF3-4638-8300-18387B0D38D3}.Release|Any CPU.Build.0 = Release|Any CPU
	EndGlobalSection
	GlobalSection(SolutionProperties) = preSolution
		HideSolutionNode = FALSE
	EndGlobalSection
	GlobalSection(ExtensibilityGlobals) = postSolution
		SolutionGuid = {B5F42066-BC6B-464B-AAFA-64253210644E}
	EndGlobalSection
EndGlobal
